// !$*UTF8*$!
{
	archiveVersion = 1;
	classes = {
	};
	objectVersion = 46;
	objects = {

/* Begin PBXBuildFile section */
		A930BA2C1DEC2D7A000A48E0 /* main.m in Sources */ = {isa = PBXBuildFile; fileRef = A930BA2B1DEC2D7A000A48E0 /* main.m */; };
		A930BA2F1DEC2D7A000A48E0 /* AppDelegate.m in Sources */ = {isa = PBXBuildFile; fileRef = A930BA2E1DEC2D7A000A48E0 /* AppDelegate.m */; };
		A930BA321DEC2D7A000A48E0 /* ViewController.m in Sources */ = {isa = PBXBuildFile; fileRef = A930BA311DEC2D7A000A48E0 /* ViewController.m */; };
		A930BA351DEC2D7A000A48E0 /* Main.storyboard in Resources */ = {isa = PBXBuildFile; fileRef = A930BA331DEC2D7A000A48E0 /* Main.storyboard */; };
		A930BA371DEC2D7A000A48E0 /* Assets.xcassets in Resources */ = {isa = PBXBuildFile; fileRef = A930BA361DEC2D7A000A48E0 /* Assets.xcassets */; };
		A930BA3A1DEC2D7A000A48E0 /* LaunchScreen.storyboard in Resources */ = {isa = PBXBuildFile; fileRef = A930BA381DEC2D7A000A48E0 /* LaunchScreen.storyboard */; };
		A930BA431DEC3234000A48E0 /* ViewController2.m in Sources */ = {isa = PBXBuildFile; fileRef = A930BA421DEC3234000A48E0 /* ViewController2.m */; };
/* End PBXBuildFile section */

/* Begin PBXFileReference section */
		A930BA271DEC2D7A000A48E0 /* ASHBlockTest.app */ = {isa = PBXFileReference; explicitFileType = wrapper.application; includeInIndex = 0; path = ASHBlockTest.app; sourceTree = BUILT_PRODUCTS_DIR; };
		A930BA2B1DEC2D7A000A48E0 /* main.m */ = {isa = PBXFileReference; lastKnownFileType = sourcecode.c.objc; path = main.m; sourceTree = "<group>"; };
		A930BA2D1DEC2D7A000A48E0 /* AppDelegate.h */ = {isa = PBXFileReference; lastKnownFileType = sourcecode.c.h; path = AppDelegate.h; sourceTree = "<group>"; };
		A930BA2E1DEC2D7A000A48E0 /* AppDelegate.m */ = {isa = PBXFileReference; lastKnownFileType = sourcecode.c.objc; path = AppDelegate.m; sourceTree = "<group>"; };
		A930BA301DEC2D7A000A48E0 /* ViewController.h */ = {isa = PBXFileReference; lastKnownFileType = sourcecode.c.h; path = ViewController.h; sourceTree = "<group>"; };
		A930BA311DEC2D7A000A48E0 /* ViewController.m */ = {isa = PBXFileReference; lastKnownFileType = sourcecode.c.objc; path = ViewController.m; sourceTree = "<group>"; };
		A930BA341DEC2D7A000A48E0 /* Base */ = {isa = PBXFileReference; lastKnownFileType = file.storyboard; name = Base; path = Base.lproj/Main.storyboard; sourceTree = "<group>"; };
		A930BA361DEC2D7A000A48E0 /* Assets.xcassets */ = {isa = PBXFileReference; lastKnownFileType = folder.assetcatalog; path = Assets.xcassets; sourceTree = "<group>"; };
		A930BA391DEC2D7A000A48E0 /* Base */ = {isa = PBXFileReference; lastKnownFileType = file.storyboard; name = Base; path = Base.lproj/LaunchScreen.storyboard; sourceTree = "<group>"; };
		A930BA3B1DEC2D7A000A48E0 /* Info.plist */ = {isa = PBXFileReference; lastKnownFileType = text.plist.xml; path = Info.plist; sourceTree = "<group>"; };
		A930BA411DEC3234000A48E0 /* ViewController2.h */ = {isa = PBXFileReference; fileEncoding = 4; lastKnownFileType = sourcecode.c.h; path = ViewController2.h; sourceTree = "<group>"; };
		A930BA421DEC3234000A48E0 /* ViewController2.m */ = {isa = PBXFileReference; fileEncoding = 4; lastKnownFileType = sourcecode.c.objc; path = ViewController2.m; sourceTree = "<group>"; };
/* End PBXFileReference section */

/* Begin PBXFrameworksBuildPhase section */
		A930BA241DEC2D7A000A48E0 /* Frameworks */ = {
			isa = PBXFrameworksBuildPhase;
			buildActionMask = 2147483647;
			files = (
			);
			runOnlyForDeploymentPostprocessing = 0;
		};
/* End PBXFrameworksBuildPhase section */

/* Begin PBXGroup section */
		A930BA1E1DEC2D7A000A48E0 = {
			isa = PBXGroup;
			children = (
				A930BA291DEC2D7A000A48E0 /* ASHBlockTest */,
				A930BA281DEC2D7A000A48E0 /* Products */,
			);
			sourceTree = "<group>";
		};
		A930BA281DEC2D7A000A48E0 /* Products */ = {
			isa = PBXGroup;
			children = (
				A930BA271DEC2D7A000A48E0 /* ASHBlockTest.app */,
			);
			name = Products;
			sourceTree = "<group>";
		};
		A930BA291DEC2D7A000A48E0 /* ASHBlockTest */ = {
			isa = PBXGroup;
			children = (
				A930BA2D1DEC2D7A000A48E0 /* AppDelegate.h */,
				A930BA2E1DEC2D7A000A48E0 /* AppDelegate.m */,
				A930BA301DEC2D7A000A48E0 /* ViewController.h */,
				A930BA311DEC2D7A000A48E0 /* ViewController.m */,
				A930BA331DEC2D7A000A48E0 /* Main.storyboard */,
				A930BA361DEC2D7A000A48E0 /* Assets.xcassets */,
				A930BA381DEC2D7A000A48E0 /* LaunchScreen.storyboard */,
				A930BA3B1DEC2D7A000A48E0 /* Info.plist */,
				A930BA2A1DEC2D7A000A48E0 /* Supporting Files */,
				A930BA411DEC3234000A48E0 /* ViewController2.h */,
				A930BA421DEC3234000A48E0 /* ViewController2.m */,
			);
			path = ASHBlockTest;
			sourceTree = "<group>";
		};
		A930BA2A1DEC2D7A000A48E0 /* Supporting Files */ = {
			isa = PBXGroup;
			children = (
				A930BA2B1DEC2D7A000A48E0 /* main.m */,
			);
			name = "Supporting Files";
			sourceTree = "<group>";
		};
/* End PBXGroup section */

/* Begin PBXNativeTarget section */
		A930BA261DEC2D7A000A48E0 /* ASHBlockTest */ = {
			isa = PBXNativeTarget;
			buildConfigurationList = A930BA3E1DEC2D7A000A48E0 /* Build configuration list for PBXNativeTarget "ASHBlockTest" */;
			buildPhases = (
				A930BA231DEC2D7A000A48E0 /* Sources */,
				A930BA241DEC2D7A000A48E0 /* Frameworks */,
				A930BA251DEC2D7A000A48E0 /* Resources */,
			);
			buildRules = (
			);
			dependencies = (
			);
			name = ASHBlockTest;
			productName = ASHBlockTest;
			productReference = A930BA271DEC2D7A000A48E0 /* ASHBlockTest.app */;
			productType = "com.apple.product-type.application";
		};
/* End PBXNativeTarget section */

/* Begin PBXProject section */
		A930BA1F1DEC2D7A000A48E0 /* Project object */ = {
			isa = PBXProject;
			attributes = {
				LastUpgradeCheck = 0800;
				ORGANIZATIONNAME = ash;
				TargetAttributes = {
					A930BA261DEC2D7A000A48E0 = {
						CreatedOnToolsVersion = 8.0;
						ProvisioningStyle = Automatic;
					};
				};
			};
			buildConfigurationList = A930BA221DEC2D7A000A48E0 /* Build configuration list for PBXProject "ASHBlockTest" */;
			compatibilityVersion = "Xcode 3.2";
			developmentRegion = English;
			hasScannedForEncodings = 0;
			knownRegions = (
				en,
				Base,
			);
			mainGroup = A930BA1E1DEC2D7A000A48E0;
			productRefGroup = A930BA281DEC2D7A000A48E0 /* Products */;
			projectDirPath = "";
			projectRoot = "";
			targets = (
				A930BA261DEC2D7A000A48E0 /* ASHBlockTest */,
			);
		};
/* End PBXProject section */

/* Begin PBXResourcesBuildPhase section */
		A930BA251DEC2D7A000A48E0 /* Resources */ = {
			isa = PBXResourcesBuildPhase;
			buildActionMask = 2147483647;
			files = (
				A930BA3A1DEC2D7A000A48E0 /* LaunchScreen.storyboard in Resources */,
				A930BA371DEC2D7A000A48E0 /* Assets.xcassets in Resources */,
				A930BA351DEC2D7A000A48E0 /* Main.storyboard in Resources */,
			);
			runOnlyForDeploymentPostprocessing = 0;
		};
/* End PBXResourcesBuildPhase section */

/* Begin PBXSourcesBuildPhase section */
		A930BA231DEC2D7A000A48E0 /* Sources */ = {
			isa = PBXSourcesBuildPhase;
			buildActionMask = 2147483647;
			files = (
				A930BA321DEC2D7A000A48E0 /* ViewController.m in Sources */,
				A930BA431DEC3234000A48E0 /* ViewController2.m in Sources */,
				A930BA2F1DEC2D7A000A48E0 /* AppDelegate.m in Sources */,
				A930BA2C1DEC2D7A000A48E0 /* main.m in Sources */,
			);
			runOnlyForDeploymentPostprocessing = 0;
		};
/* End PBXSourcesBuildPhase section */

/* Begin PBXVariantGroup section */
		A930BA331DEC2D7A000A48E0 /* Main.storyboard */ = {
			isa = PBXVariantGroup;
			children = (
				A930BA341DEC2D7A000A48E0 /* Base */,
			);
			name = Main.storyboard;
			sourceTree = "<group>";
		};
		A930BA381DEC2D7A000A48E0 /* LaunchScreen.storyboard */ = {
			isa = PBXVariantGroup;
			children = (
				A930BA391DEC2D7A000A48E0 /* Base */,
			);
			name = LaunchScreen.storyboard;
			sourceTree = "<group>";
		};
/* End PBXVariantGroup section */

/* Begin XCBuildConfiguration section */
		A930BA3C1DEC2D7A000A48E0 /* Debug */ = {
			isa = XCBuildConfiguration;
			buildSettings = {
				ALWAYS_SEARCH_USER_PATHS = NO;
				CLANG_ANALYZER_NONNULL = YES;
				CLANG_CXX_LANGUAGE_STANDARD = "gnu++0x";
				CLANG_CXX_LIBRARY = "libc++";
				CLANG_ENABLE_MODULES = YES;
				CLANG_ENABLE_OBJC_ARC = YES;
				CLANG_WARN_BOOL_CONVERSION = YES;
				CLANG_WARN_CONSTANT_CONVERSION = YES;
				CLANG_WARN_DIRECT_OBJC_ISA_USAGE = YES_ERROR;
				CLANG_WARN_DOCUMENTATION_COMMENTS = YES;
				CLANG_WARN_EMPTY_BODY = YES;
				CLANG_WARN_ENUM_CONVERSION = YES;
				CLANG_WARN_INFINITE_RECURSION = YES;
				CLANG_WARN_INT_CONVERSION = YES;
				CLANG_WARN_OBJC_ROOT_CLASS = YES_ERROR;
				CLANG_WARN_SUSPICIOUS_MOVES = YES;
				CLANG_WARN_UNREACHABLE_CODE = YES;
				CLANG_WARN__DUPLICATE_METHOD_MATCH = YES;
				"CODE_SIGN_IDENTITY[sdk=iphoneos*]" = "iPhone Developer";
				COPY_PHASE_STRIP = NO;
				DEBUG_INFORMATION_FORMAT = dwarf;
				ENABLE_STRICT_OBJC_MSGSEND = YES;
				ENABLE_TESTABILITY = YES;
				GCC_C_LANGUAGE_STANDARD = gnu99;
				GCC_DYNAMIC_NO_PIC = NO;
				GCC_NO_COMMON_BLOCKS = YES;
				GCC_OPTIMIZATION_LEVEL = 0;
				GCC_PREPROCESSOR_DEFINITIONS = (
					"DEBUG=1",
					"$(inherited)",
				);
				GCC_WARN_64_TO_32_BIT_CONVERSION = YES;
				GCC_WARN_ABOUT_RETURN_TYPE = YES_ERROR;
				GCC_WARN_UNDECLARED_SELECTOR = YES;
				GCC_WARN_UNINITIALIZED_AUTOS = YES_AGGRESSIVE;
				GCC_WARN_UNUSED_FUNCTION = YES;
				GCC_WARN_UNUSED_VARIABLE = YES;
				IPHONEOS_DEPLOYMENT_TARGET = 10.0;
				MTL_ENABLE_DEBUG_INFO = YES;
				ONLY_ACTIVE_ARCH = YES;
				SDKROOT = iphoneos;
			};
			name = Debug;
		};
		A930BA3D1DEC2D7A000A48E0 /* Release */ = {
			isa = XCBuildConfiguration;
			buildSettings = {
				ALWAYS_SEARCH_USER_PATHS = NO;
				CLANG_ANALYZER_NONNULL = YES;
				CLANG_CXX_LANGUAGE_STANDARD = "gnu++0x";
				CLANG_CXX_LIBRARY = "libc++";
				CLANG_ENABLE_MODULES = YES;
				CLANG_ENABLE_OBJC_ARC = YES;
				CLANG_WARN_BOOL_CONVERSION = YES;
				CLANG_WARN_CONSTANT_CONVERSION = YES;
				CLANG_WARN_DIRECT_OBJC_ISA_USAGE = YES_ERROR;
				CLANG_WARN_DOCUMENTATION_COMMENTS = YES;
				CLANG_WARN_EMPTY_BODY = YES;
				CLANG_WARN_ENUM_CONVERSION = YES;
				CLANG_WARN_INFINITE_RECURSION = YES;
				CLANG_WARN_INT_CONVERSION = YES;
				CLANG_WARN_OBJC_ROOT_CLASS = YES_ERROR;
				CLANG_WARN_SUSPICIOUS_MOVES = YES;
				CLANG_WARN_UNREACHABLE_CODE = YES;
				CLANG_WARN__DUPLICATE_METHOD_MATCH = YES;
				"CODE_SIGN_IDENTITY[sdk=iphoneos*]" = "iPhone Developer";
				COPY_PHASE_STRIP = NO;
				DEBUG_INFORMATION_FORMAT = "dwarf-with-dsym";
				ENABLE_NS_ASSERTIONS = NO;
				ENABLE_STRICT_OBJC_MSGSEND = YES;
				GCC_C_LANGUAGE_STANDARD = gnu99;
				GCC_NO_COMMON_BLOCKS = YES;
				GCC_WARN_64_TO_32_BIT_CONVERSION = YES;
				GCC_WARN_ABOUT_RETURN_TYPE = YES_ERROR;
				GCC_WARN_UNDECLARED_SELECTOR = YES;
				GCC_WARN_UNINITIALIZED_AUTOS = YES_AGGRESSIVE;
				GCC_WARN_UNUSED_FUNCTION = YES;
				GCC_WARN_UNUSED_VARIABLE = YES;
				IPHONEOS_DEPLOYMENT_TARGET = 10.0;
				MTL_ENABLE_DEBUG_INFO = NO;
				SDKROOT = iphoneos;
				VALIDATE_PRODUCT = YES;
			};
			name = Release;
		};
		A930BA3F1DEC2D7A000A48E0 /* Debug */ = {
			isa = XCBuildConfiguration;
			buildSettings = {
				ASSETCATALOG_COMPILER_APPICON_NAME = AppIcon;
				INFOPLIST_FILE = ASHBlockTest/Info.plist;
				LD_RUNPATH_SEARCH_PATHS = "$(inherited) @executable_path/Frameworks";
				PRODUCT_BUNDLE_IDENTIFIER = com.ash.ASHBlockTest;
				PRODUCT_NAME = "$(TARGET_NAME)";
			};
			name = Debug;
		};
		A930BA401DEC2D7A000A48E0 /* Release */ = {
			isa = XCBuildConfiguration;
			buildSettings = {
				ASSETCATALOG_COMPILER_APPICON_NAME = AppIcon;
				INFOPLIST_FILE = ASHBlockTest/Info.plist;
				LD_RUNPATH_SEARCH_PATHS = "$(inherited) @executable_path/Frameworks";
				PRODUCT_BUNDLE_IDENTIFIER = com.ash.ASHBlockTest;
				PRODUCT_NAME = "$(TARGET_NAME)";
			};
			name = Release;
		};
/* End XCBuildConfiguration section */

/* Begin XCConfigurationList section */
		A930BA221DEC2D7A000A48E0 /* Build configuration list for PBXProject "ASHBlockTest" */ = {
			isa = XCConfigurationList;
			buildConfigurations = (
				A930BA3C1DEC2D7A000A48E0 /* Debug */,
				A930BA3D1DEC2D7A000A48E0 /* Release */,
			);
			defaultConfigurationIsVisible = 0;
			defaultConfigurationName = Release;
		};
		A930BA3E1DEC2D7A000A48E0 /* Build configuration list for PBXNativeTarget "ASHBlockTest" */ = {
			isa = XCConfigurationList;
			buildConfigurations = (
				A930BA3F1DEC2D7A000A48E0 /* Debug */,
				A930BA401DEC2D7A000A48E0 /* Release */,
			);
			defaultConfigurationIsVisible = 0;
		};
/* End XCConfigurationList section */
	};
	rootObject = A930BA1F1DEC2D7A000A48E0 /* Project object */;
}
